
Microsoft Visual Studio Solution File, Format Version 12.00
# Visual Studio Version 16
VisualStudioVersion = 16.0.30128.74
MinimumVisualStudioVersion = 10.0.40219.1
Project("{FAE04EC0-301F-11D3-BF4B-00C04F79EFBC}") = "Blake2b.NetCore", "Blake2b.NetCore\Blake2b.NetCore.csproj", "{16DBF541-FA30-4196-A6D9-5D5B2A8A525B}"
EndProject
Global
	GlobalSection(SolutionConfigurationPlatforms) = preSolution
		Debug|Any CPU = Debug|Any CPU
		Release|Any CPU = Release|Any CPU
	EndGlobalSection
	GlobalSection(ProjectConfigurationPlatforms) = postSolution
		{16DBF541-FA30-4196-A6D9-5D5B2A8A525B}.Debug|Any CPU.ActiveCfg = Debug|Any CPU
		{16DBF541-FA30-4196-A6D9-5D5B2A8A525B}.Debug|Any CPU.Build.0 = Debug|Any CPU
		{16DBF541-FA30-4196-A6D9-5D5B2A8A525B}.Release|Any CPU.ActiveCfg = Release|Any CPU
		{16DBF541-FA30-4196-A6D9-5D5B2A8A525B}.Release|Any CPU.Build.0 = Release|Any CPU
	EndGlobalSection
	GlobalSection(SolutionProperties) = preSolution
		HideSolutionNode = FALSE
	EndGlobalSection
	GlobalSection(ExtensibilityGlobals) = postSolution
		SolutionGuid = {70FF5DF9-0FB5-435C-800D-B3BA2786C949}
	EndGlobalSection
EndGlobal
